# generated by rye
# use `rye lock` or `rye sync` to update this lockfile
#
# last locked with the following flags:
#   pre: false
#   features: []
#   all-features: false
#   with-sources: false
#   generate-hashes: false
#   universal: false

-e file:.
annotated-types==0.7.0
    # via pydantic
astroid==3.3.5
    # via pylint
attrs==24.2.0
    # via hypothesis
colorama==0.4.6
    # via loguru
    # via pylint
    # via pytest
cx-freeze==7.2.3
    # via pavementtes
cx-logging==3.2.1
    # via cx-freeze
dill==0.3.9
    # via pylint
hypothesis==6.115.3
iniconfig==2.0.0
    # via pytest
isort==5.13.2
    # via pylint
lief==0.15.1
    # via cx-freeze
loguru==0.7.2
    # via pavementtes
markdown-it-py==3.0.0
    # via rich
mccabe==0.7.0
    # via pylint
mdurl==0.1.2
    # via markdown-it-py
mypy==1.12.0
mypy-extensions==1.0.0
    # via mypy
packaging==24.1
    # via cx-freeze
    # via pytest
    # via pytest-sugar
platformdirs==4.3.6
    # via pylint
pluggy==1.5.0
    # via pytest
pydantic==2.9.2
    # via pavementtes
pydantic-core==2.23.4
    # via pydantic
pygments==2.18.0
    # via rich
pylint==3.3.1
pyside6==6.8.0.1
    # via pavementtes
pyside6-addons==6.8.0.1
    # via pyside6
pyside6-essentials==6.8.0.1
    # via pyside6
    # via pyside6-addons
pytest==8.3.3
    # via pytest-sugar
pytest-sugar==1.0.0
rich==13.9.2
    # via pavementtes
ruff==0.6.9
setuptools==75.2.0
    # via cx-freeze
shiboken6==6.8.0.1
    # via pyside6
    # via pyside6-addons
    # via pyside6-essentials
sortedcontainers==2.4.0
    # via hypothesis
termcolor==2.5.0
    # via pytest-sugar
tomlkit==0.13.2
    # via pylint
typing-extensions==4.12.2
    # via mypy
    # via pydantic
    # via pydantic-core
win32-setctime==1.1.0
    # via loguru
xlsxwriter==3.2.0
    # via pavementtes
